
Microsoft Visual Studio Solution File, Format Version 12.00
# Visual Studio Version 17
VisualStudioVersion = 17.5.002.0
MinimumVisualStudioVersion = 10.0.40219.1
Project("{9A19103F-16F7-4668-BE54-9A1E7A4F7556}") = "FileWatcher_WindowsService", "FileWatcher_WindowsService.csproj", "{07C744F9-A868-45A3-9E55-BF9A98BA62D5}"
EndProject
Global
	GlobalSection(SolutionConfigurationPlatforms) = preSolution
		Debug|Any CPU = Debug|Any CPU
		Release|Any CPU = Release|Any CPU
	EndGlobalSection
	GlobalSection(ProjectConfigurationPlatforms) = postSolution
		{07C744F9-A868-45A3-9E55-BF9A98BA62D5}.Debug|Any CPU.ActiveCfg = Debug|Any CPU
		{07C744F9-A868-45A3-9E55-BF9A98BA62D5}.Debug|Any CPU.Build.0 = Debug|Any CPU
		{07C744F9-A868-45A3-9E55-BF9A98BA62D5}.Release|Any CPU.ActiveCfg = Release|Any CPU
		{07C744F9-A868-45A3-9E55-BF9A98BA62D5}.Release|Any CPU.Build.0 = Release|Any CPU
	EndGlobalSection
	GlobalSection(SolutionProperties) = preSolution
		HideSolutionNode = FALSE
	EndGlobalSection
	GlobalSection(ExtensibilityGlobals) = postSolution
		SolutionGuid = {A664EC08-76FF-4210-9634-43337625D9E1}
	EndGlobalSection
EndGlobal
